
Microsoft Visual Studio Solution File, Format Version 12.00
# Visual Studio Version 17
VisualStudioVersion = 17.14.36310.24
MinimumVisualStudioVersion = 10.0.40219.1
Project("{FAE04EC0-301F-11D3-BF4B-00C04F79EFBC}") = "Duplicity", "Ukol1\Duplicity.csproj", "{1B7E955D-E7DA-7F4E-3C0B-F08E2D778D73}"
EndProject
Project("{FAE04EC0-301F-11D3-BF4B-00C04F79EFBC}") = "Enterprise", "Ukol3\Enterprise.csproj", "{467DB0E9-4570-FD7F-5A63-610F1B7D408F}"
EndProject
Project("{FAE04EC0-301F-11D3-BF4B-00C04F79EFBC}") = "Spaceships", "Ukol2\Spaceships.csproj", "{8C3305A0-2914-EF70-1993-8FB0817AE66D}"
EndProject
Global
	GlobalSection(SolutionConfigurationPlatforms) = preSolution
		Debug|Any CPU = Debug|Any CPU
		Release|Any CPU = Release|Any CPU
	EndGlobalSection
	GlobalSection(ProjectConfigurationPlatforms) = postSolution
		{1B7E955D-E7DA-7F4E-3C0B-F08E2D778D73}.Debug|Any CPU.ActiveCfg = Debug|Any CPU
		{1B7E955D-E7DA-7F4E-3C0B-F08E2D778D73}.Debug|Any CPU.Build.0 = Debug|Any CPU
		{1B7E955D-E7DA-7F4E-3C0B-F08E2D778D73}.Release|Any CPU.ActiveCfg = Release|Any CPU
		{1B7E955D-E7DA-7F4E-3C0B-F08E2D778D73}.Release|Any CPU.Build.0 = Release|Any CPU
		{467DB0E9-4570-FD7F-5A63-610F1B7D408F}.Debug|Any CPU.ActiveCfg = Debug|Any CPU
		{467DB0E9-4570-FD7F-5A63-610F1B7D408F}.Debug|Any CPU.Build.0 = Debug|Any CPU
		{467DB0E9-4570-FD7F-5A63-610F1B7D408F}.Release|Any CPU.ActiveCfg = Release|Any CPU
		{467DB0E9-4570-FD7F-5A63-610F1B7D408F}.Release|Any CPU.Build.0 = Release|Any CPU
		{8C3305A0-2914-EF70-1993-8FB0817AE66D}.Debug|Any CPU.ActiveCfg = Debug|Any CPU
		{8C3305A0-2914-EF70-1993-8FB0817AE66D}.Debug|Any CPU.Build.0 = Debug|Any CPU
		{8C3305A0-2914-EF70-1993-8FB0817AE66D}.Release|Any CPU.ActiveCfg = Release|Any CPU
		{8C3305A0-2914-EF70-1993-8FB0817AE66D}.Release|Any CPU.Build.0 = Release|Any CPU
	EndGlobalSection
	GlobalSection(SolutionProperties) = preSolution
		HideSolutionNode = FALSE
	EndGlobalSection
	GlobalSection(ExtensibilityGlobals) = postSolution
		SolutionGuid = {DB738E92-9133-4E77-B696-8BDE1A7451DF}
	EndGlobalSection
EndGlobal
